// !$*UTF8*$!
{
	archiveVersion = 1;
	classes = {
	};
	objectVersion = 50;
	objects = {

/* Begin PBXBuildFile section */
		4E3C5F252437D6190056B226 /* Company.swift in Sources */ = {isa = PBXBuildFile; fileRef = 4E3C5F242437D6190056B226 /* Company.swift */; };
		4E3C5F272437D6750056B226 /* Service.swift in Sources */ = {isa = PBXBuildFile; fileRef = 4E3C5F262437D6750056B226 /* Service.swift */; };
		4ED292362437B088004FA1FD /* AppDelegate.swift in Sources */ = {isa = PBXBuildFile; fileRef = 4ED292352437B088004FA1FD /* AppDelegate.swift */; };
		4ED292382437B088004FA1FD /* SceneDelegate.swift in Sources */ = {isa = PBXBuildFile; fileRef = 4ED292372437B088004FA1FD /* SceneDelegate.swift */; };
		4ED2923D2437B088004FA1FD /* Main.storyboard in Resources */ = {isa = PBXBuildFile; fileRef = 4ED2923B2437B088004FA1FD /* Main.storyboard */; };
		4ED292402437B088004FA1FD /* Vici.xcdatamodeld in Sources */ = {isa = PBXBuildFile; fileRef = 4ED2923E2437B088004FA1FD /* Vici.xcdatamodeld */; };
		4ED292422437B08A004FA1FD /* Assets.xcassets in Resources */ = {isa = PBXBuildFile; fileRef = 4ED292412437B08A004FA1FD /* Assets.xcassets */; };
		4ED292452437B08A004FA1FD /* LaunchScreen.storyboard in Resources */ = {isa = PBXBuildFile; fileRef = 4ED292432437B08A004FA1FD /* LaunchScreen.storyboard */; };
		4ED2924E2437B419004FA1FD /* MapViewController.swift in Sources */ = {isa = PBXBuildFile; fileRef = 4ED2924D2437B419004FA1FD /* MapViewController.swift */; };
		4ED292502437B423004FA1FD /* ListViewController.swift in Sources */ = {isa = PBXBuildFile; fileRef = 4ED2924F2437B423004FA1FD /* ListViewController.swift */; };
		4ED292522437B42A004FA1FD /* SettingsViewController.swift in Sources */ = {isa = PBXBuildFile; fileRef = 4ED292512437B42A004FA1FD /* SettingsViewController.swift */; };
		4ED292542437B44D004FA1FD /* CompanyViewController.swift in Sources */ = {isa = PBXBuildFile; fileRef = 4ED292532437B44D004FA1FD /* CompanyViewController.swift */; };
		4ED2925B2437CD2D004FA1FD /* Localizable.strings in Resources */ = {isa = PBXBuildFile; fileRef = 4ED2925D2437CD2D004FA1FD /* Localizable.strings */; };
		4ED292602437CFE5004FA1FD /* FavoriteViewController.swift in Sources */ = {isa = PBXBuildFile; fileRef = 4ED2925F2437CFE5004FA1FD /* FavoriteViewController.swift */; };
		4ED292622437D046004FA1FD /* ListTableViewController.swift in Sources */ = {isa = PBXBuildFile; fileRef = 4ED292612437D046004FA1FD /* ListTableViewController.swift */; };
		9C8CA62C2438CA30000D320D /* ProfileViewController.swift in Sources */ = {isa = PBXBuildFile; fileRef = 9C8CA62B2438CA30000D320D /* ProfileViewController.swift */; };
		9C8CA62E2438CA4C000D320D /* CreateProfileViewController.swift in Sources */ = {isa = PBXBuildFile; fileRef = 9C8CA62D2438CA4C000D320D /* CreateProfileViewController.swift */; };
/* End PBXBuildFile section */

/* Begin PBXFileReference section */
		4E3C5F242437D6190056B226 /* Company.swift */ = {isa = PBXFileReference; lastKnownFileType = sourcecode.swift; path = Company.swift; sourceTree = "<group>"; };
		4E3C5F262437D6750056B226 /* Service.swift */ = {isa = PBXFileReference; lastKnownFileType = sourcecode.swift; path = Service.swift; sourceTree = "<group>"; };
		4ED292322437B088004FA1FD /* Vici.app */ = {isa = PBXFileReference; explicitFileType = wrapper.application; includeInIndex = 0; path = Vici.app; sourceTree = BUILT_PRODUCTS_DIR; };
		4ED292352437B088004FA1FD /* AppDelegate.swift */ = {isa = PBXFileReference; lastKnownFileType = sourcecode.swift; path = AppDelegate.swift; sourceTree = "<group>"; };
		4ED292372437B088004FA1FD /* SceneDelegate.swift */ = {isa = PBXFileReference; lastKnownFileType = sourcecode.swift; path = SceneDelegate.swift; sourceTree = "<group>"; };
		4ED2923C2437B088004FA1FD /* Base */ = {isa = PBXFileReference; lastKnownFileType = file.storyboard; name = Base; path = Base.lproj/Main.storyboard; sourceTree = "<group>"; };
		4ED2923F2437B088004FA1FD /* Vici.xcdatamodel */ = {isa = PBXFileReference; lastKnownFileType = wrapper.xcdatamodel; path = Vici.xcdatamodel; sourceTree = "<group>"; };
		4ED292412437B08A004FA1FD /* Assets.xcassets */ = {isa = PBXFileReference; lastKnownFileType = folder.assetcatalog; path = Assets.xcassets; sourceTree = "<group>"; };
		4ED292442437B08A004FA1FD /* Base */ = {isa = PBXFileReference; lastKnownFileType = file.storyboard; name = Base; path = Base.lproj/LaunchScreen.storyboard; sourceTree = "<group>"; };
		4ED292462437B08A004FA1FD /* Info.plist */ = {isa = PBXFileReference; lastKnownFileType = text.plist.xml; path = Info.plist; sourceTree = "<group>"; };
		4ED2924D2437B419004FA1FD /* MapViewController.swift */ = {isa = PBXFileReference; lastKnownFileType = sourcecode.swift; path = MapViewController.swift; sourceTree = "<group>"; };
		4ED2924F2437B423004FA1FD /* ListViewController.swift */ = {isa = PBXFileReference; lastKnownFileType = sourcecode.swift; path = ListViewController.swift; sourceTree = "<group>"; };
		4ED292512437B42A004FA1FD /* SettingsViewController.swift */ = {isa = PBXFileReference; lastKnownFileType = sourcecode.swift; path = SettingsViewController.swift; sourceTree = "<group>"; };
		4ED292532437B44D004FA1FD /* CompanyViewController.swift */ = {isa = PBXFileReference; lastKnownFileType = sourcecode.swift; path = CompanyViewController.swift; sourceTree = "<group>"; };
		4ED292572437C05E004FA1FD /* fr */ = {isa = PBXFileReference; lastKnownFileType = text.plist.strings; name = fr; path = fr.lproj/Main.strings; sourceTree = "<group>"; };
		4ED292582437C05E004FA1FD /* fr */ = {isa = PBXFileReference; lastKnownFileType = text.plist.strings; name = fr; path = fr.lproj/LaunchScreen.strings; sourceTree = "<group>"; };
		4ED2925C2437CD2D004FA1FD /* en */ = {isa = PBXFileReference; lastKnownFileType = text.plist.strings; name = en; path = en.lproj/Localizable.strings; sourceTree = "<group>"; };
		4ED2925E2437CD31004FA1FD /* fr */ = {isa = PBXFileReference; lastKnownFileType = text.plist.strings; name = fr; path = fr.lproj/Localizable.strings; sourceTree = "<group>"; };
		4ED2925F2437CFE5004FA1FD /* FavoriteViewController.swift */ = {isa = PBXFileReference; lastKnownFileType = sourcecode.swift; path = FavoriteViewController.swift; sourceTree = "<group>"; };
		4ED292612437D046004FA1FD /* ListTableViewController.swift */ = {isa = PBXFileReference; lastKnownFileType = sourcecode.swift; path = ListTableViewController.swift; sourceTree = "<group>"; };
		9C8CA62B2438CA30000D320D /* ProfileViewController.swift */ = {isa = PBXFileReference; lastKnownFileType = sourcecode.swift; path = ProfileViewController.swift; sourceTree = "<group>"; };
		9C8CA62D2438CA4C000D320D /* CreateProfileViewController.swift */ = {isa = PBXFileReference; lastKnownFileType = sourcecode.swift; path = CreateProfileViewController.swift; sourceTree = "<group>"; };
/* End PBXFileReference section */

/* Begin PBXFrameworksBuildPhase section */
		4ED2922F2437B088004FA1FD /* Frameworks */ = {
			isa = PBXFrameworksBuildPhase;
			buildActionMask = 2147483647;
			files = (
			);
			runOnlyForDeploymentPostprocessing = 0;
		};
/* End PBXFrameworksBuildPhase section */

/* Begin PBXGroup section */
		4E3C5F232437D5FE0056B226 /* DataModel */ = {
			isa = PBXGroup;
			children = (
				4E3C5F242437D6190056B226 /* Company.swift */,
				4E3C5F262437D6750056B226 /* Service.swift */,
			);
			path = DataModel;
			sourceTree = "<group>";
		};
		4ED292292437B088004FA1FD = {
			isa = PBXGroup;
			children = (
				4ED292342437B088004FA1FD /* Vici */,
				4ED292332437B088004FA1FD /* Products */,
			);
			sourceTree = "<group>";
		};
		4ED292332437B088004FA1FD /* Products */ = {
			isa = PBXGroup;
			children = (
				4ED292322437B088004FA1FD /* Vici.app */,
			);
			name = Products;
			sourceTree = "<group>";
		};
		4ED292342437B088004FA1FD /* Vici */ = {
			isa = PBXGroup;
			children = (
				4ED292352437B088004FA1FD /* AppDelegate.swift */,
				4ED292372437B088004FA1FD /* SceneDelegate.swift */,
				4E3C5F232437D5FE0056B226 /* DataModel */,
				4ED2924C2437B3FD004FA1FD /* ViewControllers */,
				4ED2923B2437B088004FA1FD /* Main.storyboard */,
				4ED292412437B08A004FA1FD /* Assets.xcassets */,
				4ED292432437B08A004FA1FD /* LaunchScreen.storyboard */,
				4ED292462437B08A004FA1FD /* Info.plist */,
				4ED2923E2437B088004FA1FD /* Vici.xcdatamodeld */,
				4ED2925D2437CD2D004FA1FD /* Localizable.strings */,
			);
			path = Vici;
			sourceTree = "<group>";
		};
		4ED2924C2437B3FD004FA1FD /* ViewControllers */ = {
			isa = PBXGroup;
			children = (
				4ED2924D2437B419004FA1FD /* MapViewController.swift */,
				4ED2924F2437B423004FA1FD /* ListViewController.swift */,
				4ED2925F2437CFE5004FA1FD /* FavoriteViewController.swift */,
				4ED292512437B42A004FA1FD /* SettingsViewController.swift */,
				4ED292532437B44D004FA1FD /* CompanyViewController.swift */,
				4ED292612437D046004FA1FD /* ListTableViewController.swift */,
				9C8CA62B2438CA30000D320D /* ProfileViewController.swift */,
				9C8CA62D2438CA4C000D320D /* CreateProfileViewController.swift */,
			);
			path = ViewControllers;
			sourceTree = "<group>";
		};
/* End PBXGroup section */

/* Begin PBXNativeTarget section */
		4ED292312437B088004FA1FD /* Vici */ = {
			isa = PBXNativeTarget;
			buildConfigurationList = 4ED292492437B08A004FA1FD /* Build configuration list for PBXNativeTarget "Vici" */;
			buildPhases = (
				4ED2922E2437B088004FA1FD /* Sources */,
				4ED2922F2437B088004FA1FD /* Frameworks */,
				4ED292302437B088004FA1FD /* Resources */,
			);
			buildRules = (
			);
			dependencies = (
			);
			name = Vici;
			productName = Vici;
			productReference = 4ED292322437B088004FA1FD /* Vici.app */;
			productType = "com.apple.product-type.application";
		};
/* End PBXNativeTarget section */

/* Begin PBXProject section */
		4ED2922A2437B088004FA1FD /* Project object */ = {
			isa = PBXProject;
			attributes = {
				LastSwiftUpdateCheck = 1130;
				LastUpgradeCheck = 1130;
				ORGANIZATIONNAME = ArthurBricq;
				TargetAttributes = {
					4ED292312437B088004FA1FD = {
						CreatedOnToolsVersion = 11.3;
					};
				};
			};
			buildConfigurationList = 4ED2922D2437B088004FA1FD /* Build configuration list for PBXProject "Vici" */;
			compatibilityVersion = "Xcode 9.3";
			developmentRegion = en;
			hasScannedForEncodings = 0;
			knownRegions = (
				en,
				Base,
				fr,
			);
			mainGroup = 4ED292292437B088004FA1FD;
			productRefGroup = 4ED292332437B088004FA1FD /* Products */;
			projectDirPath = "";
			projectRoot = "";
			targets = (
				4ED292312437B088004FA1FD /* Vici */,
			);
		};
/* End PBXProject section */

/* Begin PBXResourcesBuildPhase section */
		4ED292302437B088004FA1FD /* Resources */ = {
			isa = PBXResourcesBuildPhase;
			buildActionMask = 2147483647;
			files = (
				4ED292452437B08A004FA1FD /* LaunchScreen.storyboard in Resources */,
				4ED2925B2437CD2D004FA1FD /* Localizable.strings in Resources */,
				4ED292422437B08A004FA1FD /* Assets.xcassets in Resources */,
				4ED2923D2437B088004FA1FD /* Main.storyboard in Resources */,
			);
			runOnlyForDeploymentPostprocessing = 0;
		};
/* End PBXResourcesBuildPhase section */

/* Begin PBXSourcesBuildPhase section */
		4ED2922E2437B088004FA1FD /* Sources */ = {
			isa = PBXSourcesBuildPhase;
			buildActionMask = 2147483647;
			files = (
				4ED292402437B088004FA1FD /* Vici.xcdatamodeld in Sources */,
				4ED292362437B088004FA1FD /* AppDelegate.swift in Sources */,
				4ED292382437B088004FA1FD /* SceneDelegate.swift in Sources */,
				4E3C5F252437D6190056B226 /* Company.swift in Sources */,
				4ED292502437B423004FA1FD /* ListViewController.swift in Sources */,
				4ED2924E2437B419004FA1FD /* MapViewController.swift in Sources */,
				9C8CA62C2438CA30000D320D /* ProfileViewController.swift in Sources */,
				4ED292542437B44D004FA1FD /* CompanyViewController.swift in Sources */,
				4ED292622437D046004FA1FD /* ListTableViewController.swift in Sources */,
				4E3C5F272437D6750056B226 /* Service.swift in Sources */,
				4ED292602437CFE5004FA1FD /* FavoriteViewController.swift in Sources */,
				4ED292522437B42A004FA1FD /* SettingsViewController.swift in Sources */,
				9C8CA62E2438CA4C000D320D /* CreateProfileViewController.swift in Sources */,
			);
			runOnlyForDeploymentPostprocessing = 0;
		};
/* End PBXSourcesBuildPhase section */

/* Begin PBXVariantGroup section */
		4ED2923B2437B088004FA1FD /* Main.storyboard */ = {
			isa = PBXVariantGroup;
			children = (
				4ED2923C2437B088004FA1FD /* Base */,
				4ED292572437C05E004FA1FD /* fr */,
			);
			name = Main.storyboard;
			sourceTree = "<group>";
		};
		4ED292432437B08A004FA1FD /* LaunchScreen.storyboard */ = {
			isa = PBXVariantGroup;
			children = (
				4ED292442437B08A004FA1FD /* Base */,
				4ED292582437C05E004FA1FD /* fr */,
			);
			name = LaunchScreen.storyboard;
			sourceTree = "<group>";
		};
		4ED2925D2437CD2D004FA1FD /* Localizable.strings */ = {
			isa = PBXVariantGroup;
			children = (
				4ED2925C2437CD2D004FA1FD /* en */,
				4ED2925E2437CD31004FA1FD /* fr */,
			);
			name = Localizable.strings;
			sourceTree = "<group>";
		};
/* End PBXVariantGroup section */

/* Begin XCBuildConfiguration section */
		4ED292472437B08A004FA1FD /* Debug */ = {
			isa = XCBuildConfiguration;
			buildSettings = {
				ALWAYS_SEARCH_USER_PATHS = NO;
				CLANG_ANALYZER_LOCALIZABILITY_NONLOCALIZED = YES;
				CLANG_ANALYZER_NONNULL = YES;
				CLANG_ANALYZER_NUMBER_OBJECT_CONVERSION = YES_AGGRESSIVE;
				CLANG_CXX_LANGUAGE_STANDARD = "gnu++14";
				CLANG_CXX_LIBRARY = "libc++";
				CLANG_ENABLE_MODULES = YES;
				CLANG_ENABLE_OBJC_ARC = YES;
				CLANG_ENABLE_OBJC_WEAK = YES;
				CLANG_WARN_BLOCK_CAPTURE_AUTORELEASING = YES;
				CLANG_WARN_BOOL_CONVERSION = YES;
				CLANG_WARN_COMMA = YES;
				CLANG_WARN_CONSTANT_CONVERSION = YES;
				CLANG_WARN_DEPRECATED_OBJC_IMPLEMENTATIONS = YES;
				CLANG_WARN_DIRECT_OBJC_ISA_USAGE = YES_ERROR;
				CLANG_WARN_DOCUMENTATION_COMMENTS = YES;
				CLANG_WARN_EMPTY_BODY = YES;
				CLANG_WARN_ENUM_CONVERSION = YES;
				CLANG_WARN_INFINITE_RECURSION = YES;
				CLANG_WARN_INT_CONVERSION = YES;
				CLANG_WARN_NON_LITERAL_NULL_CONVERSION = YES;
				CLANG_WARN_OBJC_IMPLICIT_RETAIN_SELF = YES;
				CLANG_WARN_OBJC_LITERAL_CONVERSION = YES;
				CLANG_WARN_OBJC_ROOT_CLASS = YES_ERROR;
				CLANG_WARN_RANGE_LOOP_ANALYSIS = YES;
				CLANG_WARN_STRICT_PROTOTYPES = YES;
				CLANG_WARN_SUSPICIOUS_MOVE = YES;
				CLANG_WARN_UNGUARDED_AVAILABILITY = YES_AGGRESSIVE;
				CLANG_WARN_UNREACHABLE_CODE = YES;
				CLANG_WARN__DUPLICATE_METHOD_MATCH = YES;
				COPY_PHASE_STRIP = NO;
				DEBUG_INFORMATION_FORMAT = dwarf;
				ENABLE_STRICT_OBJC_MSGSEND = YES;
				ENABLE_TESTABILITY = YES;
				GCC_C_LANGUAGE_STANDARD = gnu11;
				GCC_DYNAMIC_NO_PIC = NO;
				GCC_NO_COMMON_BLOCKS = YES;
				GCC_OPTIMIZATION_LEVEL = 0;
				GCC_PREPROCESSOR_DEFINITIONS = (
					"DEBUG=1",
					"$(inherited)",
				);
				GCC_WARN_64_TO_32_BIT_CONVERSION = YES;
				GCC_WARN_ABOUT_RETURN_TYPE = YES_ERROR;
				GCC_WARN_UNDECLARED_SELECTOR = YES;
				GCC_WARN_UNINITIALIZED_AUTOS = YES_AGGRESSIVE;
				GCC_WARN_UNUSED_FUNCTION = YES;
				GCC_WARN_UNUSED_VARIABLE = YES;
				IPHONEOS_DEPLOYMENT_TARGET = 13.2;
				MTL_ENABLE_DEBUG_INFO = INCLUDE_SOURCE;
				MTL_FAST_MATH = YES;
				ONLY_ACTIVE_ARCH = YES;
				SDKROOT = iphoneos;
				SWIFT_ACTIVE_COMPILATION_CONDITIONS = DEBUG;
				SWIFT_OPTIMIZATION_LEVEL = "-Onone";
			};
			name = Debug;
		};
		4ED292482437B08A004FA1FD /* Release */ = {
			isa = XCBuildConfiguration;
			buildSettings = {
				ALWAYS_SEARCH_USER_PATHS = NO;
				CLANG_ANALYZER_LOCALIZABILITY_NONLOCALIZED = YES;
				CLANG_ANALYZER_NONNULL = YES;
				CLANG_ANALYZER_NUMBER_OBJECT_CONVERSION = YES_AGGRESSIVE;
				CLANG_CXX_LANGUAGE_STANDARD = "gnu++14";
				CLANG_CXX_LIBRARY = "libc++";
				CLANG_ENABLE_MODULES = YES;
				CLANG_ENABLE_OBJC_ARC = YES;
				CLANG_ENABLE_OBJC_WEAK = YES;
				CLANG_WARN_BLOCK_CAPTURE_AUTORELEASING = YES;
				CLANG_WARN_BOOL_CONVERSION = YES;
				CLANG_WARN_COMMA = YES;
				CLANG_WARN_CONSTANT_CONVERSION = YES;
				CLANG_WARN_DEPRECATED_OBJC_IMPLEMENTATIONS = YES;
				CLANG_WARN_DIRECT_OBJC_ISA_USAGE = YES_ERROR;
				CLANG_WARN_DOCUMENTATION_COMMENTS = YES;
				CLANG_WARN_EMPTY_BODY = YES;
				CLANG_WARN_ENUM_CONVERSION = YES;
				CLANG_WARN_INFINITE_RECURSION = YES;
				CLANG_WARN_INT_CONVERSION = YES;
				CLANG_WARN_NON_LITERAL_NULL_CONVERSION = YES;
				CLANG_WARN_OBJC_IMPLICIT_RETAIN_SELF = YES;
				CLANG_WARN_OBJC_LITERAL_CONVERSION = YES;
				CLANG_WARN_OBJC_ROOT_CLASS = YES_ERROR;
				CLANG_WARN_RANGE_LOOP_ANALYSIS = YES;
				CLANG_WARN_STRICT_PROTOTYPES = YES;
				CLANG_WARN_SUSPICIOUS_MOVE = YES;
				CLANG_WARN_UNGUARDED_AVAILABILITY = YES_AGGRESSIVE;
				CLANG_WARN_UNREACHABLE_CODE = YES;
				CLANG_WARN__DUPLICATE_METHOD_MATCH = YES;
				COPY_PHASE_STRIP = NO;
				DEBUG_INFORMATION_FORMAT = "dwarf-with-dsym";
				ENABLE_NS_ASSERTIONS = NO;
				ENABLE_STRICT_OBJC_MSGSEND = YES;
				GCC_C_LANGUAGE_STANDARD = gnu11;
				GCC_NO_COMMON_BLOCKS = YES;
				GCC_WARN_64_TO_32_BIT_CONVERSION = YES;
				GCC_WARN_ABOUT_RETURN_TYPE = YES_ERROR;
				GCC_WARN_UNDECLARED_SELECTOR = YES;
				GCC_WARN_UNINITIALIZED_AUTOS = YES_AGGRESSIVE;
				GCC_WARN_UNUSED_FUNCTION = YES;
				GCC_WARN_UNUSED_VARIABLE = YES;
				IPHONEOS_DEPLOYMENT_TARGET = 13.2;
				MTL_ENABLE_DEBUG_INFO = NO;
				MTL_FAST_MATH = YES;
				SDKROOT = iphoneos;
				SWIFT_COMPILATION_MODE = wholemodule;
				SWIFT_OPTIMIZATION_LEVEL = "-O";
				VALIDATE_PRODUCT = YES;
			};
			name = Release;
		};
		4ED2924A2437B08A004FA1FD /* Debug */ = {
			isa = XCBuildConfiguration;
			buildSettings = {
				ASSETCATALOG_COMPILER_APPICON_NAME = AppIcon;
				CODE_SIGN_STYLE = Automatic;
				DEVELOPMENT_TEAM = A669ZDMYDX;
				INFOPLIST_FILE = Vici/Info.plist;
				LD_RUNPATH_SEARCH_PATHS = (
					"$(inherited)",
					"@executable_path/Frameworks",
				);
				PRODUCT_BUNDLE_IDENTIFIER = bricqbros.example.Vici;
				PRODUCT_NAME = "$(TARGET_NAME)";
				SWIFT_VERSION = 5.0;
				TARGETED_DEVICE_FAMILY = "1,2";
			};
			name = Debug;
		};
		4ED2924B2437B08A004FA1FD /* Release */ = {
			isa = XCBuildConfiguration;
			buildSettings = {
				ASSETCATALOG_COMPILER_APPICON_NAME = AppIcon;
				CODE_SIGN_STYLE = Automatic;
				DEVELOPMENT_TEAM = A669ZDMYDX;
				INFOPLIST_FILE = Vici/Info.plist;
				LD_RUNPATH_SEARCH_PATHS = (
					"$(inherited)",
					"@executable_path/Frameworks",
				);
				PRODUCT_BUNDLE_IDENTIFIER = bricqbros.example.Vici;
				PRODUCT_NAME = "$(TARGET_NAME)";
				SWIFT_VERSION = 5.0;
				TARGETED_DEVICE_FAMILY = "1,2";
			};
			name = Release;
		};
/* End XCBuildConfiguration section */

/* Begin XCConfigurationList section */
		4ED2922D2437B088004FA1FD /* Build configuration list for PBXProject "Vici" */ = {
			isa = XCConfigurationList;
			buildConfigurations = (
				4ED292472437B08A004FA1FD /* Debug */,
				4ED292482437B08A004FA1FD /* Release */,
			);
			defaultConfigurationIsVisible = 0;
			defaultConfigurationName = Release;
		};
		4ED292492437B08A004FA1FD /* Build configuration list for PBXNativeTarget "Vici" */ = {
			isa = XCConfigurationList;
			buildConfigurations = (
				4ED2924A2437B08A004FA1FD /* Debug */,
				4ED2924B2437B08A004FA1FD /* Release */,
			);
			defaultConfigurationIsVisible = 0;
			defaultConfigurationName = Release;
		};
/* End XCConfigurationList section */

/* Begin XCVersionGroup section */
		4ED2923E2437B088004FA1FD /* Vici.xcdatamodeld */ = {
			isa = XCVersionGroup;
			children = (
				4ED2923F2437B088004FA1FD /* Vici.xcdatamodel */,
			);
			currentVersion = 4ED2923F2437B088004FA1FD /* Vici.xcdatamodel */;
			path = Vici.xcdatamodeld;
			sourceTree = "<group>";
			versionGroupType = wrapper.xcdatamodel;
		};
/* End XCVersionGroup section */
	};
	rootObject = 4ED2922A2437B088004FA1FD /* Project object */;
}
